
Microsoft Visual Studio Solution File, Format Version 11.00
# Visual Studio 2010
Project("{FAE04EC0-301F-11D3-BF4B-00C04F79EFBC}") = "Sudoque.Behavior", "Sudoque.Behavior\Sudoque.Behavior.csproj", "{3EC1F891-090E-4511-81B0-F76DF31E804E}"
EndProject
Project("{FAE04EC0-301F-11D3-BF4B-00C04F79EFBC}") = "Sudoque", "Sudoque\Sudoque.csproj", "{B3B01179-D736-407A-BA6E-2E16514AD196}"
EndProject
Project("{FAE04EC0-301F-11D3-BF4B-00C04F79EFBC}") = "Sudoque.Scenarios", "Sudoque.Scenarios\Sudoque.Scenarios.csproj", "{08166C07-689F-4F69-B20E-487965AC63BA}"
EndProject
Global
	GlobalSection(SolutionConfigurationPlatforms) = preSolution
		Debug|Any CPU = Debug|Any CPU
		Debug|Mixed Platforms = Debug|Mixed Platforms
		Debug|x86 = Debug|x86
		Release|Any CPU = Release|Any CPU
		Release|Mixed Platforms = Release|Mixed Platforms
		Release|x86 = Release|x86
	EndGlobalSection
	GlobalSection(ProjectConfigurationPlatforms) = postSolution
		{3EC1F891-090E-4511-81B0-F76DF31E804E}.Debug|Any CPU.ActiveCfg = Debug|Any CPU
		{3EC1F891-090E-4511-81B0-F76DF31E804E}.Debug|Any CPU.Build.0 = Debug|Any CPU
		{3EC1F891-090E-4511-81B0-F76DF31E804E}.Debug|Mixed Platforms.ActiveCfg = Debug|Any CPU
		{3EC1F891-090E-4511-81B0-F76DF31E804E}.Debug|Mixed Platforms.Build.0 = Debug|Any CPU
		{3EC1F891-090E-4511-81B0-F76DF31E804E}.Debug|x86.ActiveCfg = Debug|Any CPU
		{3EC1F891-090E-4511-81B0-F76DF31E804E}.Release|Any CPU.ActiveCfg = Release|Any CPU
		{3EC1F891-090E-4511-81B0-F76DF31E804E}.Release|Any CPU.Build.0 = Release|Any CPU
		{3EC1F891-090E-4511-81B0-F76DF31E804E}.Release|Mixed Platforms.ActiveCfg = Release|Any CPU
		{3EC1F891-090E-4511-81B0-F76DF31E804E}.Release|Mixed Platforms.Build.0 = Release|Any CPU
		{3EC1F891-090E-4511-81B0-F76DF31E804E}.Release|x86.ActiveCfg = Release|Any CPU
		{B3B01179-D736-407A-BA6E-2E16514AD196}.Debug|Any CPU.ActiveCfg = Debug|x86
		{B3B01179-D736-407A-BA6E-2E16514AD196}.Debug|Mixed Platforms.ActiveCfg = Debug|x86
		{B3B01179-D736-407A-BA6E-2E16514AD196}.Debug|Mixed Platforms.Build.0 = Debug|x86
		{B3B01179-D736-407A-BA6E-2E16514AD196}.Debug|x86.ActiveCfg = Debug|x86
		{B3B01179-D736-407A-BA6E-2E16514AD196}.Debug|x86.Build.0 = Debug|x86
		{B3B01179-D736-407A-BA6E-2E16514AD196}.Release|Any CPU.ActiveCfg = Release|x86
		{B3B01179-D736-407A-BA6E-2E16514AD196}.Release|Mixed Platforms.ActiveCfg = Release|x86
		{B3B01179-D736-407A-BA6E-2E16514AD196}.Release|Mixed Platforms.Build.0 = Release|x86
		{B3B01179-D736-407A-BA6E-2E16514AD196}.Release|x86.ActiveCfg = Release|x86
		{B3B01179-D736-407A-BA6E-2E16514AD196}.Release|x86.Build.0 = Release|x86
		{08166C07-689F-4F69-B20E-487965AC63BA}.Debug|Any CPU.ActiveCfg = Debug|Any CPU
		{08166C07-689F-4F69-B20E-487965AC63BA}.Debug|Any CPU.Build.0 = Debug|Any CPU
		{08166C07-689F-4F69-B20E-487965AC63BA}.Debug|Mixed Platforms.ActiveCfg = Debug|Any CPU
		{08166C07-689F-4F69-B20E-487965AC63BA}.Debug|Mixed Platforms.Build.0 = Debug|Any CPU
		{08166C07-689F-4F69-B20E-487965AC63BA}.Debug|x86.ActiveCfg = Debug|Any CPU
		{08166C07-689F-4F69-B20E-487965AC63BA}.Release|Any CPU.ActiveCfg = Release|Any CPU
		{08166C07-689F-4F69-B20E-487965AC63BA}.Release|Any CPU.Build.0 = Release|Any CPU
		{08166C07-689F-4F69-B20E-487965AC63BA}.Release|Mixed Platforms.ActiveCfg = Release|Any CPU
		{08166C07-689F-4F69-B20E-487965AC63BA}.Release|Mixed Platforms.Build.0 = Release|Any CPU
		{08166C07-689F-4F69-B20E-487965AC63BA}.Release|x86.ActiveCfg = Release|Any CPU
	EndGlobalSection
	GlobalSection(SolutionProperties) = preSolution
		HideSolutionNode = FALSE
	EndGlobalSection
EndGlobal
